<?xml version="1.0" encoding="utf-8"?>
<Project ToolsVersion="4.0" xmlns="http://schemas.microsoft.com/developer/msbuild/2003">
  <ItemGroup>
    <Filter Include="Source Files">
      <UniqueIdentifier>{4FC737F1-C7A5-4376-A066-2A32D752A2FF}</UniqueIdentifier>
      <Extensions>cpp;c;cc;cxx;def;odl;idl;hpj;bat;asm;asmx</Extensions>
    </Filter>
    <Filter Include="Header Files">
      <UniqueIdentifier>{93995380-89BD-4b04-88EB-625FBE52EBFB}</UniqueIdentifier>
      <Extensions>h;hh;hpp;hxx;hm;inl;inc;ipp;xsd</Extensions>
    </Filter>
    <Filter Include="Resource Files">
      <UniqueIdentifier>{67DA6AB6-F800-4c08-8B7A-83BB121AAD01}</UniqueIdentifier>
      <Extensions>rc;ico;cur;bmp;dlg;rc2;rct;bin;rgs;gif;jpg;jpeg;jpe;resx;tiff;tif;png;wav;mfcribbon-ms</Extensions>
    </Filter>
    <Filter Include="Header Files\SDLEngine">
      <UniqueIdentifier>{9b00980d-a82a-4f12-91f1-7b1842f528e3}</UniqueIdentifier>
    </Filter>
    <Filter Include="Source Files\SDLEngine">
      <UniqueIdentifier>{055cc4a1-6ae3-42bf-97e3-54bf71e931ff}</UniqueIdentifier>
    </Filter>
    <Filter Include="Header Files\SDLEngine\Renderers">
      <UniqueIdentifier>{76aaac31-44b0-4649-a300-7f56dcc5e913}</UniqueIdentifier>
    </Filter>
    <Filter Include="Source Files\SDLEngine\Renderers">
      <UniqueIdentifier>{a2d89a6f-53b1-4886-9dbe-db6400e0607d}</UniqueIdentifier>
    </Filter>
    <Filter Include="Source Files\SDLEngine\Renderers\RendererSDL">
      <UniqueIdentifier>{d5cd9c17-d9fc-4062-8d19-edf56be99383}</UniqueIdentifier>
    </Filter>
    <Filter Include="Source Files\SDLEngine\Renderers\RendererOpenGL">
      <UniqueIdentifier>{f74a041c-094b-4fa2-9672-cb1c64bfa400}</UniqueIdentifier>
    </Filter>
    <Filter Include="Header Files\SDLEngine\Renderers\RendererSDL">
      <UniqueIdentifier>{80905d14-3132-4684-ad6c-ab144d7e3fe9}</UniqueIdentifier>
    </Filter>
    <Filter Include="Header Files\SDLEngine\Renderers\RendererOpenGL">
      <UniqueIdentifier>{323ec571-9f47-4e6b-8b46-6c0a040d3981}</UniqueIdentifier>
    </Filter>
  </ItemGroup>
  <ItemGroup>
    <ClCompile Include="GodGame.cpp">
      <Filter>Source Files</Filter>
    </ClCompile>
    <ClCompile Include="SDLEngine\GameEngine.cpp">
      <Filter>Source Files\SDLEngine</Filter>
    </ClCompile>
    <ClCompile Include="SDLEngine\ImageLoader.cpp">
      <Filter>Source Files\SDLEngine</Filter>
    </ClCompile>
    <ClCompile Include="SDLEngine\Input.cpp">
      <Filter>Source Files\SDLEngine</Filter>
    </ClCompile>
    <ClCompile Include="SDLEngine\FontEngine.cpp">
      <Filter>Source Files\SDLEngine</Filter>
    </ClCompile>
    <ClCompile Include="SDLEngine\InfoEngine.cpp">
      <Filter>Source Files\SDLEngine</Filter>
    </ClCompile>
    <ClCompile Include="SDLEngine\ErrorEngine.cpp">
      <Filter>Source Files\SDLEngine</Filter>
    </ClCompile>
    <ClCompile Include="SDLEngine\Timer.cpp">
      <Filter>Source Files\SDLEngine</Filter>
    </ClCompile>
    <ClCompile Include="SDLEngine\Renderer.cpp">
      <Filter>Source Files\SDLEngine</Filter>
    </ClCompile>
    <ClCompile Include="SDLEngine\Texture.cpp">
      <Filter>Source Files\SDLEngine</Filter>
    </ClCompile>
    <ClCompile Include="SDLEngine\Renderers\RendererSDL\RendererSDL.cpp">
      <Filter>Source Files\SDLEngine\Renderers\RendererSDL</Filter>
    </ClCompile>
    <ClCompile Include="SDLEngine\Renderers\RendererOpenGL\IndexBuffer.cpp">
      <Filter>Source Files\SDLEngine\Renderers\RendererOpenGL</Filter>
    </ClCompile>
    <ClCompile Include="SDLEngine\Renderers\RendererOpenGL\RenderBatchOpenGL.cpp">
      <Filter>Source Files\SDLEngine\Renderers\RendererOpenGL</Filter>
    </ClCompile>
    <ClCompile Include="SDLEngine\Renderers\RendererOpenGL\RendererOpenGL.cpp">
      <Filter>Source Files\SDLEngine\Renderers\RendererOpenGL</Filter>
    </ClCompile>
    <ClCompile Include="SDLEngine\Renderers\RendererOpenGL\VertexAtribArray.cpp">
      <Filter>Source Files\SDLEngine\Renderers\RendererOpenGL</Filter>
    </ClCompile>
    <ClCompile Include="SDLEngine\Renderers\RendererOpenGL\Shader.cpp">
      <Filter>Source Files\SDLEngine\Renderers\RendererOpenGL</Filter>
    </ClCompile>
    <ClCompile Include="SDLEngine\Renderers\RendererOpenGL\VertexBufferLayout.cpp">
      <Filter>Source Files\SDLEngine\Renderers\RendererOpenGL</Filter>
    </ClCompile>
    <ClCompile Include="SDLEngine\Renderers\RendererOpenGL\VertexBuffer.cpp">
      <Filter>Source Files\SDLEngine\Renderers\RendererOpenGL</Filter>
    </ClCompile>
  </ItemGroup>
  <ItemGroup>
    <ClInclude Include="SDLEngine\GameEngine.h">
      <Filter>Header Files\SDLEngine</Filter>
    </ClInclude>
    <ClInclude Include="SDLEngine\ImageLoader.h">
      <Filter>Header Files\SDLEngine</Filter>
    </ClInclude>
    <ClInclude Include="SDLEngine\Rect.h">
      <Filter>Header Files\SDLEngine</Filter>
    </ClInclude>
    <ClInclude Include="SDLEngine\Input.h">
      <Filter>Header Files\SDLEngine</Filter>
    </ClInclude>
    <ClInclude Include="SDLEngine\typedefs.h">
      <Filter>Header Files\SDLEngine</Filter>
    </ClInclude>
    <ClInclude Include="SDLEngine\EngineEvents.h">
      <Filter>Header Files\SDLEngine</Filter>
    </ClInclude>
    <ClInclude Include="SDLEngine\EngineCamera.h">
      <Filter>Header Files\SDLEngine</Filter>
    </ClInclude>
    <ClInclude Include="SDLEngine\FontEngine.h">
      <Filter>Header Files\SDLEngine</Filter>
    </ClInclude>
    <ClInclude Include="SDLEngine\InfoEngine.h">
      <Filter>Header Files\SDLEngine</Filter>
    </ClInclude>
    <ClInclude Include="SDLEngine\ErrorEngine.h">
      <Filter>Header Files\SDLEngine</Filter>
    </ClInclude>
    <ClInclude Include="SDLEngine\ErrorCodeFunctions.h">
      <Filter>Header Files\SDLEngine</Filter>
    </ClInclude>
    <ClInclude Include="SDLEngine\Timer.h">
      <Filter>Header Files\SDLEngine</Filter>
    </ClInclude>
    <ClInclude Include="SDLEngine\Renderer.h">
      <Filter>Header Files\SDLEngine</Filter>
    </ClInclude>
    <ClInclude Include="SDLEngine\EngineConfig.h">
      <Filter>Header Files\SDLEngine</Filter>
    </ClInclude>
    <ClInclude Include="SDLEngine\Texture.h">
      <Filter>Header Files\SDLEngine</Filter>
    </ClInclude>
    <ClInclude Include="SDLEngine\Renderers\RendererSDL\RendererSDL.h">
      <Filter>Header Files\SDLEngine\Renderers\RendererSDL</Filter>
    </ClInclude>
    <ClInclude Include="SDLEngine\Renderers\RendererOpenGL\IndexBuffer.h">
      <Filter>Header Files\SDLEngine\Renderers\RendererOpenGL</Filter>
    </ClInclude>
    <ClInclude Include="SDLEngine\Renderers\RendererOpenGL\RenderBatchOpenGL.h">
      <Filter>Header Files\SDLEngine\Renderers\RendererOpenGL</Filter>
    </ClInclude>
    <ClInclude Include="SDLEngine\Renderers\RendererOpenGL\RendererOpenGL.h">
      <Filter>Header Files\SDLEngine\Renderers\RendererOpenGL</Filter>
    </ClInclude>
    <ClInclude Include="SDLEngine\Renderers\RendererOpenGL\Shader.h">
      <Filter>Header Files\SDLEngine\Renderers\RendererOpenGL</Filter>
    </ClInclude>
    <ClInclude Include="SDLEngine\Renderers\RendererOpenGL\Vertex.h">
      <Filter>Header Files\SDLEngine\Renderers\RendererOpenGL</Filter>
    </ClInclude>
    <ClInclude Include="SDLEngine\Renderers\RendererOpenGL\VertexAtribArray.h">
      <Filter>Header Files\SDLEngine\Renderers\RendererOpenGL</Filter>
    </ClInclude>
    <ClInclude Include="SDLEngine\Renderers\RendererOpenGL\VertexBuffer.h">
      <Filter>Header Files\SDLEngine\Renderers\RendererOpenGL</Filter>
    </ClInclude>
    <ClInclude Include="SDLEngine\Renderers\RendererOpenGL\VertexBufferLayout.h">
      <Filter>Header Files\SDLEngine\Renderers\RendererOpenGL</Filter>
    </ClInclude>
  </ItemGroup>
</Project>