<?xml version="1.0" encoding="utf-8"?>
<Project ToolsVersion="4.0" xmlns="http://schemas.microsoft.com/developer/msbuild/2003">
  <ItemGroup>
    <Filter Include="Source Files">
      <UniqueIdentifier>{4FC737F1-C7A5-4376-A066-2A32D752A2FF}</UniqueIdentifier>
      <Extensions>cpp;c;cc;cxx;def;odl;idl;hpj;bat;asm;asmx</Extensions>
    </Filter>
    <Filter Include="Header Files">
      <UniqueIdentifier>{93995380-89BD-4b04-88EB-625FBE52EBFB}</UniqueIdentifier>
      <Extensions>h;hh;hpp;hxx;hm;inl;inc;ipp;xsd</Extensions>
    </Filter>
    <Filter Include="Resource Files">
      <UniqueIdentifier>{67DA6AB6-F800-4c08-8B7A-83BB121AAD01}</UniqueIdentifier>
      <Extensions>rc;ico;cur;bmp;dlg;rc2;rct;bin;rgs;gif;jpg;jpeg;jpe;resx;tiff;tif;png;wav;mfcribbon-ms</Extensions>
    </Filter>
    <Filter Include="Header Files\SDLEngine">
      <UniqueIdentifier>{9b00980d-a82a-4f12-91f1-7b1842f528e3}</UniqueIdentifier>
    </Filter>
    <Filter Include="Source Files\SDLEngine">
      <UniqueIdentifier>{055cc4a1-6ae3-42bf-97e3-54bf71e931ff}</UniqueIdentifier>
    </Filter>
    <Filter Include="Header Files\SDLEngine\Renderers">
      <UniqueIdentifier>{76aaac31-44b0-4649-a300-7f56dcc5e913}</UniqueIdentifier>
    </Filter>
    <Filter Include="Source Files\SDLEngine\Renderers">
      <UniqueIdentifier>{a2d89a6f-53b1-4886-9dbe-db6400e0607d}</UniqueIdentifier>
    </Filter>
  </ItemGroup>
  <ItemGroup>
    <ClCompile Include="GodGame.cpp">
      <Filter>Source Files</Filter>
    </ClCompile>
    <ClCompile Include="SDLEngine\GameEngine.cpp">
      <Filter>Source Files\SDLEngine</Filter>
    </ClCompile>
    <ClCompile Include="SDLEngine\ImageLoader.cpp">
      <Filter>Source Files\SDLEngine</Filter>
    </ClCompile>
    <ClCompile Include="SDLEngine\Input.cpp">
      <Filter>Source Files\SDLEngine</Filter>
    </ClCompile>
    <ClCompile Include="SDLEngine\FontEngine.cpp">
      <Filter>Source Files\SDLEngine</Filter>
    </ClCompile>
    <ClCompile Include="SDLEngine\InfoEngine.cpp">
      <Filter>Source Files\SDLEngine</Filter>
    </ClCompile>
    <ClCompile Include="SDLEngine\ErrorEngine.cpp">
      <Filter>Source Files\SDLEngine</Filter>
    </ClCompile>
    <ClCompile Include="SDLEngine\Timer.cpp">
      <Filter>Source Files\SDLEngine</Filter>
    </ClCompile>
    <ClCompile Include="SDLEngine\Renderer.cpp">
      <Filter>Source Files\SDLEngine</Filter>
    </ClCompile>
    <ClCompile Include="SDLEngine\Renderers\RendererSDL.cpp">
      <Filter>Source Files\SDLEngine\Renderers</Filter>
    </ClCompile>
  </ItemGroup>
  <ItemGroup>
    <ClInclude Include="SDLEngine\GameEngine.h">
      <Filter>Header Files\SDLEngine</Filter>
    </ClInclude>
    <ClInclude Include="SDLEngine\ImageLoader.h">
      <Filter>Header Files\SDLEngine</Filter>
    </ClInclude>
    <ClInclude Include="SDLEngine\Rect.h">
      <Filter>Header Files\SDLEngine</Filter>
    </ClInclude>
    <ClInclude Include="SDLEngine\Input.h">
      <Filter>Header Files\SDLEngine</Filter>
    </ClInclude>
    <ClInclude Include="SDLEngine\typedefs.h">
      <Filter>Header Files\SDLEngine</Filter>
    </ClInclude>
    <ClInclude Include="SDLEngine\EngineEvents.h">
      <Filter>Header Files\SDLEngine</Filter>
    </ClInclude>
    <ClInclude Include="SDLEngine\EngineCamera.h">
      <Filter>Header Files\SDLEngine</Filter>
    </ClInclude>
    <ClInclude Include="SDLEngine\FontEngine.h">
      <Filter>Header Files\SDLEngine</Filter>
    </ClInclude>
    <ClInclude Include="SDLEngine\InfoEngine.h">
      <Filter>Header Files\SDLEngine</Filter>
    </ClInclude>
    <ClInclude Include="SDLEngine\ErrorEngine.h">
      <Filter>Header Files\SDLEngine</Filter>
    </ClInclude>
    <ClInclude Include="SDLEngine\ErrorCodeFunctions.h">
      <Filter>Header Files\SDLEngine</Filter>
    </ClInclude>
    <ClInclude Include="SDLEngine\Timer.h">
      <Filter>Header Files\SDLEngine</Filter>
    </ClInclude>
    <ClInclude Include="SDLEngine\Renderer.h">
      <Filter>Header Files\SDLEngine</Filter>
    </ClInclude>
    <ClInclude Include="SDLEngine\EngineConfig.h">
      <Filter>Header Files\SDLEngine</Filter>
    </ClInclude>
    <ClInclude Include="SDLEngine\Renderers\RendererSDL.h">
      <Filter>Header Files\SDLEngine\Renderers</Filter>
    </ClInclude>
  </ItemGroup>
</Project>